
Microsoft Visual Studio Solution File, Format Version 12.00
# Visual Studio Version 17
VisualStudioVersion = 17.3.32901.215
MinimumVisualStudioVersion = 10.0.40219.1
Project("{FAE04EC0-301F-11D3-BF4B-00C04F79EFBC}") = "KiemTraLan1", "KiemTraLan1\KiemTraLan1.csproj", "{1F4E8E54-A311-4931-882B-DB0DDF0F83B3}"
EndProject
Global
	GlobalSection(SolutionConfigurationPlatforms) = preSolution
		Debug|Any CPU = Debug|Any CPU
		Release|Any CPU = Release|Any CPU
	EndGlobalSection
	GlobalSection(ProjectConfigurationPlatforms) = postSolution
		{1F4E8E54-A311-4931-882B-DB0DDF0F83B3}.Debug|Any CPU.ActiveCfg = Debug|Any CPU
		{1F4E8E54-A311-4931-882B-DB0DDF0F83B3}.Debug|Any CPU.Build.0 = Debug|Any CPU
		{1F4E8E54-A311-4931-882B-DB0DDF0F83B3}.Release|Any CPU.ActiveCfg = Release|Any CPU
		{1F4E8E54-A311-4931-882B-DB0DDF0F83B3}.Release|Any CPU.Build.0 = Release|Any CPU
	EndGlobalSection
	GlobalSection(SolutionProperties) = preSolution
		HideSolutionNode = FALSE
	EndGlobalSection
	GlobalSection(ExtensibilityGlobals) = postSolution
		SolutionGuid = {9113A928-09D6-43CD-B895-C4F3FDB482B3}
	EndGlobalSection
EndGlobal
