
Microsoft Visual Studio Solution File, Format Version 12.00
# Visual Studio Version 17
VisualStudioVersion = 17.4.33205.214
MinimumVisualStudioVersion = 10.0.40219.1
Project("{FAE04EC0-301F-11D3-BF4B-00C04F79EFBC}") = "KiemTraLan2", "KiemTraLan2.csproj", "{04869C06-7357-4E19-A205-9C1D4558BB24}"
EndProject
Global
	GlobalSection(SolutionConfigurationPlatforms) = preSolution
		Debug|Any CPU = Debug|Any CPU
		Release|Any CPU = Release|Any CPU
	EndGlobalSection
	GlobalSection(ProjectConfigurationPlatforms) = postSolution
		{04869C06-7357-4E19-A205-9C1D4558BB24}.Debug|Any CPU.ActiveCfg = Debug|Any CPU
		{04869C06-7357-4E19-A205-9C1D4558BB24}.Debug|Any CPU.Build.0 = Debug|Any CPU
		{04869C06-7357-4E19-A205-9C1D4558BB24}.Release|Any CPU.ActiveCfg = Release|Any CPU
		{04869C06-7357-4E19-A205-9C1D4558BB24}.Release|Any CPU.Build.0 = Release|Any CPU
	EndGlobalSection
	GlobalSection(SolutionProperties) = preSolution
		HideSolutionNode = FALSE
	EndGlobalSection
	GlobalSection(ExtensibilityGlobals) = postSolution
		SolutionGuid = {258E646E-D4B8-44A2-A1A3-97B55572C07B}
	EndGlobalSection
EndGlobal
