
Microsoft Visual Studio Solution File, Format Version 12.00
# Visual Studio Version 17
VisualStudioVersion = 17.3.32901.215
MinimumVisualStudioVersion = 10.0.40219.1
Project("{FAE04EC0-301F-11D3-BF4B-00C04F79EFBC}") = "DemoAPI", "DemoAPI\DemoAPI.csproj", "{2F31AB75-2526-4C81-8689-60989049E585}"
EndProject
Global
	GlobalSection(SolutionConfigurationPlatforms) = preSolution
		Debug|Any CPU = Debug|Any CPU
		Release|Any CPU = Release|Any CPU
	EndGlobalSection
	GlobalSection(ProjectConfigurationPlatforms) = postSolution
		{2F31AB75-2526-4C81-8689-60989049E585}.Debug|Any CPU.ActiveCfg = Debug|Any CPU
		{2F31AB75-2526-4C81-8689-60989049E585}.Debug|Any CPU.Build.0 = Debug|Any CPU
		{2F31AB75-2526-4C81-8689-60989049E585}.Release|Any CPU.ActiveCfg = Release|Any CPU
		{2F31AB75-2526-4C81-8689-60989049E585}.Release|Any CPU.Build.0 = Release|Any CPU
	EndGlobalSection
	GlobalSection(SolutionProperties) = preSolution
		HideSolutionNode = FALSE
	EndGlobalSection
	GlobalSection(ExtensibilityGlobals) = postSolution
		SolutionGuid = {A094B7BE-B127-4878-9AD5-8C6C6A675893}
	EndGlobalSection
EndGlobal
