
Microsoft Visual Studio Solution File, Format Version 12.00
# Visual Studio Version 17
VisualStudioVersion = 17.3.32901.215
MinimumVisualStudioVersion = 10.0.40219.1
Project("{FAE04EC0-301F-11D3-BF4B-00C04F79EFBC}") = "View", "View\View.csproj", "{87C1447C-4DC1-42A8-9E18-D77D5189B000}"
EndProject
Global
	GlobalSection(SolutionConfigurationPlatforms) = preSolution
		Debug|Any CPU = Debug|Any CPU
		Release|Any CPU = Release|Any CPU
	EndGlobalSection
	GlobalSection(ProjectConfigurationPlatforms) = postSolution
		{87C1447C-4DC1-42A8-9E18-D77D5189B000}.Debug|Any CPU.ActiveCfg = Debug|Any CPU
		{87C1447C-4DC1-42A8-9E18-D77D5189B000}.Debug|Any CPU.Build.0 = Debug|Any CPU
		{87C1447C-4DC1-42A8-9E18-D77D5189B000}.Release|Any CPU.ActiveCfg = Release|Any CPU
		{87C1447C-4DC1-42A8-9E18-D77D5189B000}.Release|Any CPU.Build.0 = Release|Any CPU
	EndGlobalSection
	GlobalSection(SolutionProperties) = preSolution
		HideSolutionNode = FALSE
	EndGlobalSection
	GlobalSection(ExtensibilityGlobals) = postSolution
		SolutionGuid = {CACAA1A9-2EB3-4CCE-A028-A4432C18FD8D}
	EndGlobalSection
EndGlobal
