
Microsoft Visual Studio Solution File, Format Version 12.00
# Visual Studio Version 17
VisualStudioVersion = 17.3.32901.215
MinimumVisualStudioVersion = 10.0.40219.1
Project("{FAE04EC0-301F-11D3-BF4B-00C04F79EFBC}") = "TestAPI", "TestAPI\TestAPI.csproj", "{657726E3-21AB-44C8-A2A7-5C013C0D0A3F}"
EndProject
Global
	GlobalSection(SolutionConfigurationPlatforms) = preSolution
		Debug|Any CPU = Debug|Any CPU
		Release|Any CPU = Release|Any CPU
	EndGlobalSection
	GlobalSection(ProjectConfigurationPlatforms) = postSolution
		{657726E3-21AB-44C8-A2A7-5C013C0D0A3F}.Debug|Any CPU.ActiveCfg = Debug|Any CPU
		{657726E3-21AB-44C8-A2A7-5C013C0D0A3F}.Debug|Any CPU.Build.0 = Debug|Any CPU
		{657726E3-21AB-44C8-A2A7-5C013C0D0A3F}.Release|Any CPU.ActiveCfg = Release|Any CPU
		{657726E3-21AB-44C8-A2A7-5C013C0D0A3F}.Release|Any CPU.Build.0 = Release|Any CPU
	EndGlobalSection
	GlobalSection(SolutionProperties) = preSolution
		HideSolutionNode = FALSE
	EndGlobalSection
	GlobalSection(ExtensibilityGlobals) = postSolution
		SolutionGuid = {D30A1E6F-B728-4C50-B35F-B266B2936758}
	EndGlobalSection
EndGlobal
